
Microsoft Visual Studio Solution File, Format Version 12.00
# Visual Studio Version 17
VisualStudioVersion = 17.7.34221.43
MinimumVisualStudioVersion = 10.0.40219.1
Project("{8BC9CEB8-8B4A-11D0-8D11-00A0C91BC942}") = "ball", "ball\ball.vcxproj", "{F7983BD2-C0B4-48E2-83B0-30B3D36DAC41}"
EndProject
Global
	GlobalSection(SolutionConfigurationPlatforms) = preSolution
		Debug|x64 = Debug|x64
		Debug|x86 = Debug|x86
		Release|x64 = Release|x64
		Release|x86 = Release|x86
	EndGlobalSection
	GlobalSection(ProjectConfigurationPlatforms) = postSolution
		{F7983BD2-C0B4-48E2-83B0-30B3D36DAC41}.Debug|x64.ActiveCfg = Debug|x64
		{F7983BD2-C0B4-48E2-83B0-30B3D36DAC41}.Debug|x64.Build.0 = Debug|x64
		{F7983BD2-C0B4-48E2-83B0-30B3D36DAC41}.Debug|x86.ActiveCfg = Debug|Win32
		{F7983BD2-C0B4-48E2-83B0-30B3D36DAC41}.Debug|x86.Build.0 = Debug|Win32
		{F7983BD2-C0B4-48E2-83B0-30B3D36DAC41}.Release|x64.ActiveCfg = Release|x64
		{F7983BD2-C0B4-48E2-83B0-30B3D36DAC41}.Release|x64.Build.0 = Release|x64
		{F7983BD2-C0B4-48E2-83B0-30B3D36DAC41}.Release|x86.ActiveCfg = Release|Win32
		{F7983BD2-C0B4-48E2-83B0-30B3D36DAC41}.Release|x86.Build.0 = Release|Win32
	EndGlobalSection
	GlobalSection(SolutionProperties) = preSolution
		HideSolutionNode = FALSE
	EndGlobalSection
	GlobalSection(ExtensibilityGlobals) = postSolution
		SolutionGuid = {F373D16A-0115-4946-9B3F-FBEA3EA7F71C}
	EndGlobalSection
EndGlobal
